{
  "name": "JS 3d viewer",
  "lockfileVersion": 2,
  "requires": true,
  "packages": {
    "": {
      "dependencies": {
        "obj-file-parser": "^0.5.3"
      }
    },
    "node_modules/obj-file-parser": {
      "version": "0.5.3",
      "resolved": "https://registry.npmjs.org/obj-file-parser/-/obj-file-parser-0.5.3.tgz",
      "integrity": "sha512-lGfXQi/4BlSS9r0ISUfQoYzYS1rjr9AJ+zDp39lm8wlsqx3TAqsOOrQhSGL/2lCfv8QhSfrCq1NfLYGuw/V0Sg=="
    }
  },
  "dependencies": {
    "obj-file-parser": {
      "version": "0.5.3",
      "resolved": "https://registry.npmjs.org/obj-file-parser/-/obj-file-parser-0.5.3.tgz",
      "integrity": "sha512-lGfXQi/4BlSS9r0ISUfQoYzYS1rjr9AJ+zDp39lm8wlsqx3TAqsOOrQhSGL/2lCfv8QhSfrCq1NfLYGuw/V0Sg=="
    }
  }
}
